<?xml version="1.0" encoding="utf-8"?>
<Project ToolsVersion="4.0" xmlns="http://schemas.microsoft.com/developer/msbuild/2003">
  <ItemGroup>
    <Filter Include="소스 파일">
      <UniqueIdentifier>{4FC737F1-C7A5-4376-A066-2A32D752A2FF}</UniqueIdentifier>
      <Extensions>cpp;c;cc;cxx;def;odl;idl;hpj;bat;asm;asmx</Extensions>
    </Filter>
    <Filter Include="헤더 파일">
      <UniqueIdentifier>{93995380-89BD-4b04-88EB-625FBE52EBFB}</UniqueIdentifier>
      <Extensions>h;hh;hpp;hxx;hm;inl;inc;xsd</Extensions>
    </Filter>
    <Filter Include="리소스 파일">
      <UniqueIdentifier>{67DA6AB6-F800-4c08-8B7A-83BB121AAD01}</UniqueIdentifier>
      <Extensions>rc;ico;cur;bmp;dlg;rc2;rct;bin;rgs;gif;jpg;jpeg;jpe;resx;tiff;tif;png;wav;mfcribbon-ms</Extensions>
    </Filter>
    <Filter Include="00. MainFrm">
      <UniqueIdentifier>{5d26ec55-cdb2-4e46-84b0-476e879b954a}</UniqueIdentifier>
    </Filter>
    <Filter Include="01. ToolView">
      <UniqueIdentifier>{8e6c2b77-3e3f-4bc6-8ab8-0d13f432adb2}</UniqueIdentifier>
    </Filter>
    <Filter Include="02. ToolDoc">
      <UniqueIdentifier>{4188cd08-6d8c-47b4-8cb9-bc2a75765f45}</UniqueIdentifier>
    </Filter>
    <Filter Include="03. Device">
      <UniqueIdentifier>{14c4fffd-810a-4219-b5c9-b1b597b2a895}</UniqueIdentifier>
    </Filter>
    <Filter Include="04. Texture">
      <UniqueIdentifier>{d1f3b768-2a5d-47ba-87f0-807e7629a4db}</UniqueIdentifier>
    </Filter>
    <Filter Include="04. Texture\Manager">
      <UniqueIdentifier>{2308630e-328a-4496-90fc-8560f84598f7}</UniqueIdentifier>
    </Filter>
    <Filter Include="04. Texture\00. Single">
      <UniqueIdentifier>{65106b77-bb62-4e31-adea-aa7a0dea71b3}</UniqueIdentifier>
    </Filter>
    <Filter Include="04. Texture\01. Multi">
      <UniqueIdentifier>{9e18adef-5f35-4016-bada-4bbf2d146129}</UniqueIdentifier>
    </Filter>
    <Filter Include="05. Terrain">
      <UniqueIdentifier>{f99984fd-55b1-4b42-b34a-e548357321d2}</UniqueIdentifier>
    </Filter>
    <Filter Include="06. MyForm">
      <UniqueIdentifier>{60e20aaa-07e5-4252-978d-f9f7683d428b}</UniqueIdentifier>
    </Filter>
    <Filter Include="06. MyForm\00. MiniView">
      <UniqueIdentifier>{eb5932f2-09d1-4776-9b29-0d9a29f6523e}</UniqueIdentifier>
    </Filter>
    <Filter Include="06. MyForm\01. UnitTool">
      <UniqueIdentifier>{1713e9bd-ba4a-467a-b901-0840360d122b}</UniqueIdentifier>
    </Filter>
    <Filter Include="06. MyForm\02. MapTool">
      <UniqueIdentifier>{28c73f9b-015c-4c91-ad1b-37beefb84242}</UniqueIdentifier>
    </Filter>
    <Filter Include="07. FileInfo">
      <UniqueIdentifier>{c5d73f8e-e46b-4fab-b405-20fd2699994e}</UniqueIdentifier>
    </Filter>
    <Filter Include="06. MyForm\03. PathFind">
      <UniqueIdentifier>{d502d8df-ca05-41f9-b47b-549cb456f982}</UniqueIdentifier>
    </Filter>
    <Filter Include="06. MyForm\04. ObjectTool">
      <UniqueIdentifier>{ee17fe95-5fbb-43d9-8d24-af9e4d441361}</UniqueIdentifier>
    </Filter>
  </ItemGroup>
  <ItemGroup>
    <Text Include="ReadMe.txt" />
  </ItemGroup>
  <ItemGroup>
    <ClInclude Include="Tool.h">
      <Filter>헤더 파일</Filter>
    </ClInclude>
    <ClInclude Include="stdafx.h">
      <Filter>헤더 파일</Filter>
    </ClInclude>
    <ClInclude Include="targetver.h">
      <Filter>헤더 파일</Filter>
    </ClInclude>
    <ClInclude Include="Resource.h">
      <Filter>헤더 파일</Filter>
    </ClInclude>
    <ClInclude Include="MainFrm.h">
      <Filter>00. MainFrm</Filter>
    </ClInclude>
    <ClInclude Include="ToolView.h">
      <Filter>01. ToolView</Filter>
    </ClInclude>
    <ClInclude Include="ToolDoc.h">
      <Filter>02. ToolDoc</Filter>
    </ClInclude>
    <ClInclude Include="Device.h">
      <Filter>03. Device</Filter>
    </ClInclude>
    <ClInclude Include="Texture.h">
      <Filter>04. Texture</Filter>
    </ClInclude>
    <ClInclude Include="SingleTexture.h">
      <Filter>04. Texture\00. Single</Filter>
    </ClInclude>
    <ClInclude Include="MultiTexture.h">
      <Filter>04. Texture\01. Multi</Filter>
    </ClInclude>
    <ClInclude Include="TextureMgr.h">
      <Filter>04. Texture\Manager</Filter>
    </ClInclude>
    <ClInclude Include="Terrain.h">
      <Filter>05. Terrain</Filter>
    </ClInclude>
    <ClInclude Include="MyForm.h">
      <Filter>06. MyForm</Filter>
    </ClInclude>
    <ClInclude Include="MiniView.h">
      <Filter>06. MyForm\00. MiniView</Filter>
    </ClInclude>
    <ClInclude Include="UnitTool.h">
      <Filter>06. MyForm\01. UnitTool</Filter>
    </ClInclude>
    <ClInclude Include="MapTool.h">
      <Filter>06. MyForm\02. MapTool</Filter>
    </ClInclude>
    <ClInclude Include="FileInfo.h">
      <Filter>07. FileInfo</Filter>
    </ClInclude>
    <ClInclude Include="PathFind.h">
      <Filter>06. MyForm\03. PathFind</Filter>
    </ClInclude>
    <ClInclude Include="CObjectTool.h">
      <Filter>06. MyForm\04. ObjectTool</Filter>
    </ClInclude>
  </ItemGroup>
  <ItemGroup>
    <ClCompile Include="Tool.cpp">
      <Filter>소스 파일</Filter>
    </ClCompile>
    <ClCompile Include="stdafx.cpp">
      <Filter>소스 파일</Filter>
    </ClCompile>
    <ClCompile Include="MainFrm.cpp">
      <Filter>00. MainFrm</Filter>
    </ClCompile>
    <ClCompile Include="ToolView.cpp">
      <Filter>01. ToolView</Filter>
    </ClCompile>
    <ClCompile Include="ToolDoc.cpp">
      <Filter>02. ToolDoc</Filter>
    </ClCompile>
    <ClCompile Include="Device.cpp">
      <Filter>03. Device</Filter>
    </ClCompile>
    <ClCompile Include="Texture.cpp">
      <Filter>04. Texture</Filter>
    </ClCompile>
    <ClCompile Include="SingleTexture.cpp">
      <Filter>04. Texture\00. Single</Filter>
    </ClCompile>
    <ClCompile Include="MultiTexture.cpp">
      <Filter>04. Texture\01. Multi</Filter>
    </ClCompile>
    <ClCompile Include="TextureMgr.cpp">
      <Filter>04. Texture\Manager</Filter>
    </ClCompile>
    <ClCompile Include="Terrain.cpp">
      <Filter>05. Terrain</Filter>
    </ClCompile>
    <ClCompile Include="MyForm.cpp">
      <Filter>06. MyForm</Filter>
    </ClCompile>
    <ClCompile Include="MiniView.cpp">
      <Filter>06. MyForm\00. MiniView</Filter>
    </ClCompile>
    <ClCompile Include="UnitTool.cpp">
      <Filter>06. MyForm\01. UnitTool</Filter>
    </ClCompile>
    <ClCompile Include="MapTool.cpp">
      <Filter>06. MyForm\02. MapTool</Filter>
    </ClCompile>
    <ClCompile Include="FileInfo.cpp">
      <Filter>07. FileInfo</Filter>
    </ClCompile>
    <ClCompile Include="PathFind.cpp">
      <Filter>06. MyForm\03. PathFind</Filter>
    </ClCompile>
    <ClCompile Include="CObjectTool.cpp">
      <Filter>06. MyForm\04. ObjectTool</Filter>
    </ClCompile>
  </ItemGroup>
  <ItemGroup>
    <ResourceCompile Include="Tool.rc">
      <Filter>리소스 파일</Filter>
    </ResourceCompile>
  </ItemGroup>
  <ItemGroup>
    <None Include="res\Tool.rc2">
      <Filter>리소스 파일</Filter>
    </None>
  </ItemGroup>
  <ItemGroup>
    <Image Include="res\ToolDoc.ico">
      <Filter>리소스 파일</Filter>
    </Image>
    <Image Include="res\Tool.ico">
      <Filter>리소스 파일</Filter>
    </Image>
    <Image Include="res\Toolbar.bmp">
      <Filter>리소스 파일</Filter>
    </Image>
  </ItemGroup>
</Project>